
Microsoft Visual Studio Solution File, Format Version 12.00
# Visual Studio 2013
VisualStudioVersion = 12.0.21005.1
MinimumVisualStudioVersion = 10.0.40219.1
Project("{FAE04EC0-301F-11D3-BF4B-00C04F79EFBC}") = "Shorthand.VKMinus.Site", "Shorthand.VKMinus.Site\Shorthand.VKMinus.Site.csproj", "{F83125A1-1E11-4246-8910-DE30A833F45D}"
EndProject
Project("{FAE04EC0-301F-11D3-BF4B-00C04F79EFBC}") = "Shorthand.VKMinus.Data", "Shorthand.VKMinus.Data\Shorthand.VKMinus.Data.csproj", "{21D7B676-051E-4CDB-8F17-9A79CD0BA4C1}"
EndProject
Project("{FAE04EC0-301F-11D3-BF4B-00C04F79EFBC}") = "Shorthand.VKMinus.Parser", "Shorthand.VKMinus.Parser\Shorthand.VKMinus.Parser.csproj", "{FF14C7DE-C6CC-4AB1-9F40-DB9D1C2B41FE}"
EndProject
Project("{FAE04EC0-301F-11D3-BF4B-00C04F79EFBC}") = "Shorthand.VKMinus.TestApp", "Shorthand.VKMinus.TestApp\Shorthand.VKMinus.TestApp.csproj", "{A0F3A190-B537-4D4F-9736-E3D0F579CACD}"
EndProject
Project("{FAE04EC0-301F-11D3-BF4B-00C04F79EFBC}") = "Shorthand.VKMinus.Service", "Shorthand.VKMinus.Service\Shorthand.VKMinus.Service.csproj", "{F310BC01-050A-4A5A-B47C-DC8318DD4929}"
EndProject
Project("{FAE04EC0-301F-11D3-BF4B-00C04F79EFBC}") = "Shorthand.VKMinus.Utilities", "Shorthand.VKMinus.Utilities\Shorthand.VKMinus.Utilities.csproj", "{4A85817B-7B47-4554-8C24-435C0EC62DE1}"
EndProject
Project("{2150E333-8FDC-42A3-9474-1A3956D46DE8}") = "Misc", "Misc", "{4BF9F6B3-C709-4C80-8622-91D625B4F925}"
	ProjectSection(SolutionItems) = preProject
		.gitignore = .gitignore
		LICENSE = LICENSE
		README.md = README.md
	EndProjectSection
EndProject
Global
	GlobalSection(SolutionConfigurationPlatforms) = preSolution
		Debug|Any CPU = Debug|Any CPU
		Release|Any CPU = Release|Any CPU
	EndGlobalSection
	GlobalSection(ProjectConfigurationPlatforms) = postSolution
		{F83125A1-1E11-4246-8910-DE30A833F45D}.Debug|Any CPU.ActiveCfg = Debug|Any CPU
		{F83125A1-1E11-4246-8910-DE30A833F45D}.Debug|Any CPU.Build.0 = Debug|Any CPU
		{F83125A1-1E11-4246-8910-DE30A833F45D}.Release|Any CPU.ActiveCfg = Release|Any CPU
		{F83125A1-1E11-4246-8910-DE30A833F45D}.Release|Any CPU.Build.0 = Release|Any CPU
		{21D7B676-051E-4CDB-8F17-9A79CD0BA4C1}.Debug|Any CPU.ActiveCfg = Debug|Any CPU
		{21D7B676-051E-4CDB-8F17-9A79CD0BA4C1}.Debug|Any CPU.Build.0 = Debug|Any CPU
		{21D7B676-051E-4CDB-8F17-9A79CD0BA4C1}.Release|Any CPU.ActiveCfg = Release|Any CPU
		{21D7B676-051E-4CDB-8F17-9A79CD0BA4C1}.Release|Any CPU.Build.0 = Release|Any CPU
		{FF14C7DE-C6CC-4AB1-9F40-DB9D1C2B41FE}.Debug|Any CPU.ActiveCfg = Debug|Any CPU
		{FF14C7DE-C6CC-4AB1-9F40-DB9D1C2B41FE}.Debug|Any CPU.Build.0 = Debug|Any CPU
		{FF14C7DE-C6CC-4AB1-9F40-DB9D1C2B41FE}.Release|Any CPU.ActiveCfg = Release|Any CPU
		{FF14C7DE-C6CC-4AB1-9F40-DB9D1C2B41FE}.Release|Any CPU.Build.0 = Release|Any CPU
		{A0F3A190-B537-4D4F-9736-E3D0F579CACD}.Debug|Any CPU.ActiveCfg = Debug|Any CPU
		{A0F3A190-B537-4D4F-9736-E3D0F579CACD}.Debug|Any CPU.Build.0 = Debug|Any CPU
		{A0F3A190-B537-4D4F-9736-E3D0F579CACD}.Release|Any CPU.ActiveCfg = Release|Any CPU
		{A0F3A190-B537-4D4F-9736-E3D0F579CACD}.Release|Any CPU.Build.0 = Release|Any CPU
		{F310BC01-050A-4A5A-B47C-DC8318DD4929}.Debug|Any CPU.ActiveCfg = Debug|Any CPU
		{F310BC01-050A-4A5A-B47C-DC8318DD4929}.Debug|Any CPU.Build.0 = Debug|Any CPU
		{F310BC01-050A-4A5A-B47C-DC8318DD4929}.Release|Any CPU.ActiveCfg = Release|Any CPU
		{F310BC01-050A-4A5A-B47C-DC8318DD4929}.Release|Any CPU.Build.0 = Release|Any CPU
		{4A85817B-7B47-4554-8C24-435C0EC62DE1}.Debug|Any CPU.ActiveCfg = Debug|Any CPU
		{4A85817B-7B47-4554-8C24-435C0EC62DE1}.Debug|Any CPU.Build.0 = Debug|Any CPU
		{4A85817B-7B47-4554-8C24-435C0EC62DE1}.Release|Any CPU.ActiveCfg = Release|Any CPU
		{4A85817B-7B47-4554-8C24-435C0EC62DE1}.Release|Any CPU.Build.0 = Release|Any CPU
	EndGlobalSection
	GlobalSection(SolutionProperties) = preSolution
		HideSolutionNode = FALSE
	EndGlobalSection
EndGlobal
